Microsoft Visual Studio Solution File, Format Version 12.00
# Visual Studio 2012
Project("{FAE04EC0-301F-11D3-BF4B-00C04F79EFBC}") = "ProjectCamera", "ProjectCamera.csproj", "{4F37E16B-C68C-4A35-B546-746FF98BD78E}"
EndProject
Global
	GlobalSection(SolutionConfigurationPlatforms) = preSolution
	Debug|Any CPU = Debug|Any CPU
	ExportDebug|Any CPU = ExportDebug|Any CPU
	ExportRelease|Any CPU = ExportRelease|Any CPU
	EndGlobalSection
	GlobalSection(ProjectConfigurationPlatforms) = postSolution
		{4F37E16B-C68C-4A35-B546-746FF98BD78E}.Debug|Any CPU.ActiveCfg = Debug|Any CPU
		{4F37E16B-C68C-4A35-B546-746FF98BD78E}.Debug|Any CPU.Build.0 = Debug|Any CPU
		{4F37E16B-C68C-4A35-B546-746FF98BD78E}.ExportDebug|Any CPU.ActiveCfg = ExportDebug|Any CPU
		{4F37E16B-C68C-4A35-B546-746FF98BD78E}.ExportDebug|Any CPU.Build.0 = ExportDebug|Any CPU
		{4F37E16B-C68C-4A35-B546-746FF98BD78E}.ExportRelease|Any CPU.ActiveCfg = ExportRelease|Any CPU
		{4F37E16B-C68C-4A35-B546-746FF98BD78E}.ExportRelease|Any CPU.Build.0 = ExportRelease|Any CPU
	EndGlobalSection
EndGlobal
